
Microsoft Visual Studio Solution File, Format Version 12.00
# Visual Studio Version 17
VisualStudioVersion = 17.3.32929.385
MinimumVisualStudioVersion = 10.0.40219.1
Project("{9A19103F-16F7-4668-BE54-9A1E7A4F7556}") = "ownable", "ownable\ownable.csproj", "{E20D5BC0-360C-449E-843B-468B31A93951}"
EndProject
Project("{9A19103F-16F7-4668-BE54-9A1E7A4F7556}") = "ownable.host", "ownable.host\ownable.host.csproj", "{38EF09F9-CAF4-428F-AC4C-334083D1FEC5}"
EndProject
Project("{9A19103F-16F7-4668-BE54-9A1E7A4F7556}") = "ownable.tests", "ownable.tests\ownable.tests.csproj", "{FBCD346E-167C-4BD0-9162-FFEE99939337}"
EndProject
Project("{9A19103F-16F7-4668-BE54-9A1E7A4F7556}") = "ownable.benchmarks", "ownable.benchmarks\ownable.benchmarks.csproj", "{0AD1AB0B-C834-44F9-A07C-4D094D8FDD5F}"
EndProject
Project("{2150E333-8FDC-42A3-9474-1A3956D46DE8}") = "Solution Items", "Solution Items", "{130586BE-4D11-4B11-879C-F8D2FB608334}"
	ProjectSection(SolutionItems) = preProject
		README.md = README.md
	EndProjectSection
EndProject
Global
	GlobalSection(SolutionConfigurationPlatforms) = preSolution
		Debug|Any CPU = Debug|Any CPU
		Release|Any CPU = Release|Any CPU
	EndGlobalSection
	GlobalSection(ProjectConfigurationPlatforms) = postSolution
		{E20D5BC0-360C-449E-843B-468B31A93951}.Debug|Any CPU.ActiveCfg = Debug|Any CPU
		{E20D5BC0-360C-449E-843B-468B31A93951}.Debug|Any CPU.Build.0 = Debug|Any CPU
		{E20D5BC0-360C-449E-843B-468B31A93951}.Release|Any CPU.ActiveCfg = Release|Any CPU
		{E20D5BC0-360C-449E-843B-468B31A93951}.Release|Any CPU.Build.0 = Release|Any CPU
		{38EF09F9-CAF4-428F-AC4C-334083D1FEC5}.Debug|Any CPU.ActiveCfg = Debug|Any CPU
		{38EF09F9-CAF4-428F-AC4C-334083D1FEC5}.Debug|Any CPU.Build.0 = Debug|Any CPU
		{38EF09F9-CAF4-428F-AC4C-334083D1FEC5}.Release|Any CPU.ActiveCfg = Release|Any CPU
		{38EF09F9-CAF4-428F-AC4C-334083D1FEC5}.Release|Any CPU.Build.0 = Release|Any CPU
		{FBCD346E-167C-4BD0-9162-FFEE99939337}.Debug|Any CPU.ActiveCfg = Debug|Any CPU
		{FBCD346E-167C-4BD0-9162-FFEE99939337}.Debug|Any CPU.Build.0 = Debug|Any CPU
		{FBCD346E-167C-4BD0-9162-FFEE99939337}.Release|Any CPU.ActiveCfg = Release|Any CPU
		{FBCD346E-167C-4BD0-9162-FFEE99939337}.Release|Any CPU.Build.0 = Release|Any CPU
		{0AD1AB0B-C834-44F9-A07C-4D094D8FDD5F}.Debug|Any CPU.ActiveCfg = Debug|Any CPU
		{0AD1AB0B-C834-44F9-A07C-4D094D8FDD5F}.Debug|Any CPU.Build.0 = Debug|Any CPU
		{0AD1AB0B-C834-44F9-A07C-4D094D8FDD5F}.Release|Any CPU.ActiveCfg = Release|Any CPU
		{0AD1AB0B-C834-44F9-A07C-4D094D8FDD5F}.Release|Any CPU.Build.0 = Release|Any CPU
	EndGlobalSection
	GlobalSection(SolutionProperties) = preSolution
		HideSolutionNode = FALSE
	EndGlobalSection
	GlobalSection(ExtensibilityGlobals) = postSolution
		SolutionGuid = {8E7D9EEE-FABE-4856-B199-12CB9CE4296C}
	EndGlobalSection
EndGlobal
